<?xml version="1.0" encoding="utf-8"?>
<Project ToolsVersion="4.0" xmlns="http://schemas.microsoft.com/developer/msbuild/2003">
  <ItemGroup>
    <Filter Include="Source Files">
      <UniqueIdentifier>{4FC737F1-C7A5-4376-A066-2A32D752A2FF}</UniqueIdentifier>
      <Extensions>cpp;c;cc;cxx;def;odl;idl;hpj;bat;asm;asmx</Extensions>
    </Filter>
    <Filter Include="Header Files">
      <UniqueIdentifier>{93995380-89BD-4b04-88EB-625FBE52EBFB}</UniqueIdentifier>
      <Extensions>h;hh;hpp;hxx;hm;inl;inc;ipp;xsd</Extensions>
    </Filter>
    <Filter Include="Shaders">
      <UniqueIdentifier>{9efb493c-4654-4911-a640-589a73147a24}</UniqueIdentifier>
    </Filter>
    <Filter Include="Scene Files">
      <UniqueIdentifier>{1f8528e6-86d3-4b80-ab85-1ce10e18353e}</UniqueIdentifier>
    </Filter>
  </ItemGroup>
  <ItemGroup>
    <ClInclude Include="App.h">
      <Filter>Header Files</Filter>
    </ClInclude>
    <ClInclude Include="Common.h">
      <Filter>Header Files</Filter>
    </ClInclude>
    <ClInclude Include="ConfigWindow.h">
      <Filter>Header Files</Filter>
    </ClInclude>
    <ClInclude Include="HammersleySampler.h">
      <Filter>Header Files</Filter>
    </ClInclude>
    <ClInclude Include="LightFieldSurfaceGenerator.h">
      <Filter>Header Files</Filter>
    </ClInclude>
    <ClInclude Include="ProbeGIRenderer.h">
      <Filter>Header Files</Filter>
    </ClInclude>
  </ItemGroup>
  <ItemGroup>
    <ClCompile Include="App.cpp">
      <Filter>Source Files</Filter>
    </ClCompile>
    <ClCompile Include="ConfigWindow.cpp">
      <Filter>Source Files</Filter>
    </ClCompile>
    <ClCompile Include="LightFieldSurfaceGenerator.cpp">
      <Filter>Source Files</Filter>
    </ClCompile>
    <ClCompile Include="ProbeGIRenderer.cpp">
      <Filter>Source Files</Filter>
    </ClCompile>
  </ItemGroup>
  <ItemGroup>
    <None Include="..\data-files\shader\Common\Common.glsl">
      <Filter>Shaders</Filter>
    </None>
    <None Include="..\data-files\shader\Common\LightFieldProbe.glsl">
      <Filter>Shaders</Filter>
    </None>
    <None Include="..\data-files\shader\Common\Octahedral.glsl">
      <Filter>Shaders</Filter>
    </None>
    <None Include="..\data-files\shader\DeferredLightFieldProbe\Lighting.pix">
      <Filter>Shaders</Filter>
    </None>
    <None Include="..\data-files\shader\DeferredLightFieldProbe\GenerateOctmap.pix">
      <Filter>Shaders</Filter>
    </None>
    <None Include="..\data-files\shader\Common\Playground.pix">
      <Filter>Shaders</Filter>
    </None>
    <None Include="..\data-files\scene\Simple_Cornell_Box.Scene.Any">
      <Filter>Scene Files</Filter>
    </None>
    <None Include="..\data-files\scene\Simple_Cornell_Box_(Mirror).Scene.Any">
      <Filter>Scene Files</Filter>
    </None>
    <None Include="..\data-files\scene\Simple_Cornell_Box_(No_Little_Boxes).Scene.Any">
      <Filter>Scene Files</Filter>
    </None>
    <None Include="..\data-files\scene\Sponza_(Glossy_Area_Lights).Scene.Any">
      <Filter>Scene Files</Filter>
    </None>
    <None Include="..\data-files\scene\Sponza_(Statue_Glossy).Scene.Any">
      <Filter>Scene Files</Filter>
    </None>
    <None Include="..\data-files\scene\Dragon.Scene.Any">
      <Filter>Scene Files</Filter>
    </None>
    <None Include="..\data-files\scene\Dragon_Low.Scene.Any">
      <Filter>Scene Files</Filter>
    </None>
  </ItemGroup>
</Project>