<?xml version="1.0" encoding="utf-8"?>
<Project ToolsVersion="4.0" xmlns="http://schemas.microsoft.com/developer/msbuild/2003">
  <ItemGroup>
    <Filter Include="Source Files">
      <UniqueIdentifier>{e022396f-0616-4d65-bb46-4497a9a24891}</UniqueIdentifier>
      <Extensions>*.cpp</Extensions>
    </Filter>
    <Filter Include="Header Files">
      <UniqueIdentifier>{7808eb57-c0e1-4947-8248-1127238ea26e}</UniqueIdentifier>
      <Extensions>*.h</Extensions>
    </Filter>
    <Filter Include="Scene Files">
      <UniqueIdentifier>{2e92d33e-301a-4406-a289-47e2a1a8e2ec}</UniqueIdentifier>
    </Filter>
  </ItemGroup>
  <ItemGroup>
    <ClInclude Include="App.h">
      <Filter>Header Files</Filter>
    </ClInclude>
  </ItemGroup>
  <ItemGroup>
    <ClCompile Include="App.cpp">
      <Filter>Source Files</Filter>
    </ClCompile>
  </ItemGroup>
  <ItemGroup>
    <None Include="..\data-files\scene\Simple_Cornell_Box_(No_Little_Boxes).Scene.Any">
      <Filter>Scene Files</Filter>
    </None>
    <None Include="..\data-files\shader\GenerateOctmap.pix" />
    <None Include="..\data-files\shader\ReconstructRadianceMap.pix" />
  </ItemGroup>
</Project>