<?xml version="1.0" encoding="utf-8"?>
<Project ToolsVersion="4.0" xmlns="http://schemas.microsoft.com/developer/msbuild/2003">
  <ItemGroup>
    <Filter Include="Source Files">
      <UniqueIdentifier>{4FC737F1-C7A5-4376-A066-2A32D752A2FF}</UniqueIdentifier>
      <Extensions>cpp;c;cc;cxx;def;odl;idl;hpj;bat;asm;asmx</Extensions>
    </Filter>
    <Filter Include="Header Files">
      <UniqueIdentifier>{93995380-89BD-4b04-88EB-625FBE52EBFB}</UniqueIdentifier>
      <Extensions>h;hh;hpp;hxx;hm;inl;inc;ipp;xsd</Extensions>
    </Filter>
    <Filter Include="Scene Files">
      <UniqueIdentifier>{cb606fff-b4b7-4ff1-bff9-4b3969fe9ac5}</UniqueIdentifier>
    </Filter>
    <Filter Include="Shader Files">
      <UniqueIdentifier>{92c29d29-c9e1-404f-8c3a-644079b7842f}</UniqueIdentifier>
    </Filter>
  </ItemGroup>
  <ItemGroup>
    <ClCompile Include="App.cpp">
      <Filter>Source Files</Filter>
    </ClCompile>
    <ClCompile Include="ProbeGIRenderer.cpp">
      <Filter>Source Files</Filter>
    </ClCompile>
    <ClCompile Include="ConfigWindow.cpp">
      <Filter>Source Files</Filter>
    </ClCompile>
    <ClCompile Include="LightFieldSurfaceGenerator.cpp">
      <Filter>Source Files</Filter>
    </ClCompile>
  </ItemGroup>
  <ItemGroup>
    <None Include="..\data-files\scene\Simple_Cornell_Box.Scene.Any">
      <Filter>Scene Files</Filter>
    </None>
    <None Include="..\data-files\scene\Simple_Cornell_Box_(Mirror).Scene.Any">
      <Filter>Scene Files</Filter>
    </None>
    <None Include="..\data-files\scene\Sponza_(Statue_Glossy).Scene.Any">
      <Filter>Scene Files</Filter>
    </None>
    <None Include="..\data-files\scene\Sponza_(Glossy_Area_Lights).Scene.Any">
      <Filter>Scene Files</Filter>
    </None>
    <None Include="..\data-files\shader\common\BRDFImportanceSampling.glsl">
      <Filter>Shader Files</Filter>
    </None>
    <None Include="..\data-files\shader\common\Common.glsl">
      <Filter>Shader Files</Filter>
    </None>
    <None Include="..\data-files\shader\common\LightFieldProbe.glsl">
      <Filter>Shader Files</Filter>
    </None>
    <None Include="..\data-files\shader\common\Octahedral.glsl">
      <Filter>Shader Files</Filter>
    </None>
    <None Include="..\data-files\shader\LightFieldProbe\GenerateHighResOctmap.pix">
      <Filter>Shader Files</Filter>
    </None>
    <None Include="..\data-files\shader\LightFieldProbe\GenerateLowResOctmap.pix">
      <Filter>Shader Files</Filter>
    </None>
    <None Include="..\data-files\shader\LightFieldProbe\Lighting.pix">
      <Filter>Shader Files</Filter>
    </None>
    <None Include="..\data-files\shader\LightFieldProbe\Merge.pix">
      <Filter>Shader Files</Filter>
    </None>
  </ItemGroup>
  <ItemGroup>
    <ClInclude Include="ProbeGIRenderer.h">
      <Filter>Header Files</Filter>
    </ClInclude>
    <ClInclude Include="App.h">
      <Filter>Header Files</Filter>
    </ClInclude>
    <ClInclude Include="Common.h">
      <Filter>Header Files</Filter>
    </ClInclude>
    <ClInclude Include="Denoiser.h">
      <Filter>Header Files</Filter>
    </ClInclude>
    <ClInclude Include="ConfigWindow.h">
      <Filter>Header Files</Filter>
    </ClInclude>
    <ClInclude Include="HammersleySampler.h">
      <Filter>Header Files</Filter>
    </ClInclude>
    <ClInclude Include="LightFieldSurfaceGenerator.h">
      <Filter>Header Files</Filter>
    </ClInclude>
    <ClInclude Include="OffscreenRenderer.h">
      <Filter>Header Files</Filter>
    </ClInclude>
  </ItemGroup>
</Project>